
Microsoft Visual Studio Solution File, Format Version 12.00
# Visual Studio 15
VisualStudioVersion = 15.0.27130.2003
MinimumVisualStudioVersion = 10.0.40219.1
Project("{FAE04EC0-301F-11D3-BF4B-00C04F79EFBC}") = "AndroidXamarinChat", "AndroidXamarinChat\AndroidXamarinChat.csproj", "{A5B4D483-38A5-4B91-B7B4-071EE552D718}"
EndProject
Global
	GlobalSection(SolutionConfigurationPlatforms) = preSolution
		Debug|Any CPU = Debug|Any CPU
		Release|Any CPU = Release|Any CPU
	EndGlobalSection
	GlobalSection(ProjectConfigurationPlatforms) = postSolution
		{A5B4D483-38A5-4B91-B7B4-071EE552D718}.Debug|Any CPU.ActiveCfg = Debug|Any CPU
		{A5B4D483-38A5-4B91-B7B4-071EE552D718}.Debug|Any CPU.Build.0 = Debug|Any CPU
		{A5B4D483-38A5-4B91-B7B4-071EE552D718}.Debug|Any CPU.Deploy.0 = Debug|Any CPU
		{A5B4D483-38A5-4B91-B7B4-071EE552D718}.Release|Any CPU.ActiveCfg = Release|Any CPU
		{A5B4D483-38A5-4B91-B7B4-071EE552D718}.Release|Any CPU.Build.0 = Release|Any CPU
		{A5B4D483-38A5-4B91-B7B4-071EE552D718}.Release|Any CPU.Deploy.0 = Release|Any CPU
	EndGlobalSection
	GlobalSection(SolutionProperties) = preSolution
		HideSolutionNode = FALSE
	EndGlobalSection
	GlobalSection(ExtensibilityGlobals) = postSolution
		SolutionGuid = {2F4FD3BC-801F-43BC-8342-5AA31AE526A0}
	EndGlobalSection
EndGlobal
